
Microsoft Visual Studio Solution File, Format Version 12.00
# Visual Studio 15
VisualStudioVersion = 15.0.28010.2016
MinimumVisualStudioVersion = 10.0.40219.1
Project("{FAE04EC0-301F-11D3-BF4B-00C04F79EFBC}") = "Lab03Account", "Lab03Account.csproj", "{23A784B1-158B-4BB7-B2BB-0CE5E64EA312}"
EndProject
Global
	GlobalSection(SolutionConfigurationPlatforms) = preSolution
		Debug|Any CPU = Debug|Any CPU
		Release|Any CPU = Release|Any CPU
	EndGlobalSection
	GlobalSection(ProjectConfigurationPlatforms) = postSolution
		{23A784B1-158B-4BB7-B2BB-0CE5E64EA312}.Debug|Any CPU.ActiveCfg = Debug|Any CPU
		{23A784B1-158B-4BB7-B2BB-0CE5E64EA312}.Debug|Any CPU.Build.0 = Debug|Any CPU
		{23A784B1-158B-4BB7-B2BB-0CE5E64EA312}.Release|Any CPU.ActiveCfg = Release|Any CPU
		{23A784B1-158B-4BB7-B2BB-0CE5E64EA312}.Release|Any CPU.Build.0 = Release|Any CPU
	EndGlobalSection
	GlobalSection(SolutionProperties) = preSolution
		HideSolutionNode = FALSE
	EndGlobalSection
	GlobalSection(ExtensibilityGlobals) = postSolution
		SolutionGuid = {223D1E8E-7DBF-4F50-B1D7-2C719E52FCD9}
	EndGlobalSection
EndGlobal
